{
  "requires": true,
  "lockfileVersion": 1,
  "dependencies": {
    "bulma": {
      "version": "0.5.3",
      "resolved": "https://registry.npmjs.org/bulma/-/bulma-0.5.3.tgz",
      "integrity": "sha1-vpOvtiRhklBcMN8/nBwpqX0xmhM="
    },
    "vue": {
      "version": "2.4.4",
      "resolved": "https://registry.npmjs.org/vue/-/vue-2.4.4.tgz",
      "integrity": "sha512-PCiRmc8ZT1DD5+BN8QUAmnkBefcCLfZVSuhc1u7iu5JoPrSHyyk/+4nehm7k2xVMi8+RFLk5WIHAN14UKF0txw=="
    }
  }
}
